
Microsoft Visual Studio Solution File, Format Version 11.00
# Visual Studio 2010
Project("{8BC9CEB8-8B4A-11D0-8D11-00A0C91BC942}") = "DSIClientLibrary", "DSIClientLibrary\DSIClientLibrary.vcxproj", "{F218D978-9D2B-4782-988E-B1311E4EBFD0}"
EndProject
Project("{8BC9CEB8-8B4A-11D0-8D11-00A0C91BC942}") = "DSILib", "DSILib\DSILib.vcxproj", "{067E9892-8395-44C8-965E-1F0544AA4540}"
EndProject
Global
	GlobalSection(SolutionConfigurationPlatforms) = preSolution
		Debug|Win32 = Debug|Win32
		Release|Win32 = Release|Win32
	EndGlobalSection
	GlobalSection(ProjectConfigurationPlatforms) = postSolution
		{F218D978-9D2B-4782-988E-B1311E4EBFD0}.Debug|Win32.ActiveCfg = Debug|Win32
		{F218D978-9D2B-4782-988E-B1311E4EBFD0}.Debug|Win32.Build.0 = Debug|Win32
		{F218D978-9D2B-4782-988E-B1311E4EBFD0}.Release|Win32.ActiveCfg = Release|Win32
		{F218D978-9D2B-4782-988E-B1311E4EBFD0}.Release|Win32.Build.0 = Release|Win32
		{067E9892-8395-44C8-965E-1F0544AA4540}.Debug|Win32.ActiveCfg = Debug|Win32
		{067E9892-8395-44C8-965E-1F0544AA4540}.Debug|Win32.Build.0 = Debug|Win32
		{067E9892-8395-44C8-965E-1F0544AA4540}.Release|Win32.ActiveCfg = Release|Win32
		{067E9892-8395-44C8-965E-1F0544AA4540}.Release|Win32.Build.0 = Release|Win32
	EndGlobalSection
	GlobalSection(SolutionProperties) = preSolution
		HideSolutionNode = FALSE
	EndGlobalSection
EndGlobal
